// !$*UTF8*$!
{
	archiveVersion = 1;
	classes = {
	};
	objectVersion = 50;
	objects = {

/* Begin PBXBuildFile section */
		BAECA8B026C8AA0200F48B29 /* AppDelegate.swift in Sources */ = {isa = PBXBuildFile; fileRef = BAECA8AF26C8AA0200F48B29 /* AppDelegate.swift */; };
		BAECA8B226C8AA0200F48B29 /* SceneDelegate.swift in Sources */ = {isa = PBXBuildFile; fileRef = BAECA8B126C8AA0200F48B29 /* SceneDelegate.swift */; };
		BAECA8B426C8AA0200F48B29 /* ViewController.swift in Sources */ = {isa = PBXBuildFile; fileRef = BAECA8B326C8AA0200F48B29 /* ViewController.swift */; };
		BAECA8B726C8AA0200F48B29 /* Main.storyboard in Resources */ = {isa = PBXBuildFile; fileRef = BAECA8B526C8AA0200F48B29 /* Main.storyboard */; };
		BAECA8B926C8AA0200F48B29 /* Assets.xcassets in Resources */ = {isa = PBXBuildFile; fileRef = BAECA8B826C8AA0200F48B29 /* Assets.xcassets */; };
		BAECA8BC26C8AA0200F48B29 /* LaunchScreen.storyboard in Resources */ = {isa = PBXBuildFile; fileRef = BAECA8BA26C8AA0200F48B29 /* LaunchScreen.storyboard */; };
/* End PBXBuildFile section */

/* Begin PBXFileReference section */
		BAECA8AC26C8AA0200F48B29 /* A815HelloXIB.app */ = {isa = PBXFileReference; explicitFileType = wrapper.application; includeInIndex = 0; path = A815HelloXIB.app; sourceTree = BUILT_PRODUCTS_DIR; };
		BAECA8AF26C8AA0200F48B29 /* AppDelegate.swift */ = {isa = PBXFileReference; lastKnownFileType = sourcecode.swift; path = AppDelegate.swift; sourceTree = "<group>"; };
		BAECA8B126C8AA0200F48B29 /* SceneDelegate.swift */ = {isa = PBXFileReference; lastKnownFileType = sourcecode.swift; path = SceneDelegate.swift; sourceTree = "<group>"; };
		BAECA8B326C8AA0200F48B29 /* ViewController.swift */ = {isa = PBXFileReference; lastKnownFileType = sourcecode.swift; path = ViewController.swift; sourceTree = "<group>"; };
		BAECA8B626C8AA0200F48B29 /* Base */ = {isa = PBXFileReference; lastKnownFileType = file.storyboard; name = Base; path = Base.lproj/Main.storyboard; sourceTree = "<group>"; };
		BAECA8B826C8AA0200F48B29 /* Assets.xcassets */ = {isa = PBXFileReference; lastKnownFileType = folder.assetcatalog; path = Assets.xcassets; sourceTree = "<group>"; };
		BAECA8BB26C8AA0200F48B29 /* Base */ = {isa = PBXFileReference; lastKnownFileType = file.storyboard; name = Base; path = Base.lproj/LaunchScreen.storyboard; sourceTree = "<group>"; };
		BAECA8BD26C8AA0200F48B29 /* Info.plist */ = {isa = PBXFileReference; lastKnownFileType = text.plist.xml; path = Info.plist; sourceTree = "<group>"; };
/* End PBXFileReference section */

/* Begin PBXFrameworksBuildPhase section */
		BAECA8A926C8AA0200F48B29 /* Frameworks */ = {
			isa = PBXFrameworksBuildPhase;
			buildActionMask = 2147483647;
			files = (
			);
			runOnlyForDeploymentPostprocessing = 0;
		};
/* End PBXFrameworksBuildPhase section */

/* Begin PBXGroup section */
		BAECA8A326C8AA0200F48B29 = {
			isa = PBXGroup;
			children = (
				BAECA8AE26C8AA0200F48B29 /* A815HelloXIB */,
				BAECA8AD26C8AA0200F48B29 /* Products */,
			);
			sourceTree = "<group>";
		};
		BAECA8AD26C8AA0200F48B29 /* Products */ = {
			isa = PBXGroup;
			children = (
				BAECA8AC26C8AA0200F48B29 /* A815HelloXIB.app */,
			);
			name = Products;
			sourceTree = "<group>";
		};
		BAECA8AE26C8AA0200F48B29 /* A815HelloXIB */ = {
			isa = PBXGroup;
			children = (
				BAECA8AF26C8AA0200F48B29 /* AppDelegate.swift */,
				BAECA8B126C8AA0200F48B29 /* SceneDelegate.swift */,
				BAECA8B326C8AA0200F48B29 /* ViewController.swift */,
				BAECA8B526C8AA0200F48B29 /* Main.storyboard */,
				BAECA8B826C8AA0200F48B29 /* Assets.xcassets */,
				BAECA8BA26C8AA0200F48B29 /* LaunchScreen.storyboard */,
				BAECA8BD26C8AA0200F48B29 /* Info.plist */,
			);
			path = A815HelloXIB;
			sourceTree = "<group>";
		};
/* End PBXGroup section */

/* Begin PBXNativeTarget section */
		BAECA8AB26C8AA0200F48B29 /* A815HelloXIB */ = {
			isa = PBXNativeTarget;
			buildConfigurationList = BAECA8C026C8AA0200F48B29 /* Build configuration list for PBXNativeTarget "A815HelloXIB" */;
			buildPhases = (
				BAECA8A826C8AA0200F48B29 /* Sources */,
				BAECA8A926C8AA0200F48B29 /* Frameworks */,
				BAECA8AA26C8AA0200F48B29 /* Resources */,
			);
			buildRules = (
			);
			dependencies = (
			);
			name = A815HelloXIB;
			productName = A815HelloXIB;
			productReference = BAECA8AC26C8AA0200F48B29 /* A815HelloXIB.app */;
			productType = "com.apple.product-type.application";
		};
/* End PBXNativeTarget section */

/* Begin PBXProject section */
		BAECA8A426C8AA0200F48B29 /* Project object */ = {
			isa = PBXProject;
			attributes = {
				LastSwiftUpdateCheck = 1250;
				LastUpgradeCheck = 1250;
				TargetAttributes = {
					BAECA8AB26C8AA0200F48B29 = {
						CreatedOnToolsVersion = 12.5.1;
					};
				};
			};
			buildConfigurationList = BAECA8A726C8AA0200F48B29 /* Build configuration list for PBXProject "A815HelloXIB" */;
			compatibilityVersion = "Xcode 9.3";
			developmentRegion = en;
			hasScannedForEncodings = 0;
			knownRegions = (
				en,
				Base,
			);
			mainGroup = BAECA8A326C8AA0200F48B29;
			productRefGroup = BAECA8AD26C8AA0200F48B29 /* Products */;
			projectDirPath = "";
			projectRoot = "";
			targets = (
				BAECA8AB26C8AA0200F48B29 /* A815HelloXIB */,
			);
		};
/* End PBXProject section */

/* Begin PBXResourcesBuildPhase section */
		BAECA8AA26C8AA0200F48B29 /* Resources */ = {
			isa = PBXResourcesBuildPhase;
			buildActionMask = 2147483647;
			files = (
				BAECA8BC26C8AA0200F48B29 /* LaunchScreen.storyboard in Resources */,
				BAECA8B926C8AA0200F48B29 /* Assets.xcassets in Resources */,
				BAECA8B726C8AA0200F48B29 /* Main.storyboard in Resources */,
			);
			runOnlyForDeploymentPostprocessing = 0;
		};
/* End PBXResourcesBuildPhase section */

/* Begin PBXSourcesBuildPhase section */
		BAECA8A826C8AA0200F48B29 /* Sources */ = {
			isa = PBXSourcesBuildPhase;
			buildActionMask = 2147483647;
			files = (
				BAECA8B426C8AA0200F48B29 /* ViewController.swift in Sources */,
				BAECA8B026C8AA0200F48B29 /* AppDelegate.swift in Sources */,
				BAECA8B226C8AA0200F48B29 /* SceneDelegate.swift in Sources */,
			);
			runOnlyForDeploymentPostprocessing = 0;
		};
/* End PBXSourcesBuildPhase section */

/* Begin PBXVariantGroup section */
		BAECA8B526C8AA0200F48B29 /* Main.storyboard */ = {
			isa = PBXVariantGroup;
			children = (
				BAECA8B626C8AA0200F48B29 /* Base */,
			);
			name = Main.storyboard;
			sourceTree = "<group>";
		};
		BAECA8BA26C8AA0200F48B29 /* LaunchScreen.storyboard */ = {
			isa = PBXVariantGroup;
			children = (
				BAECA8BB26C8AA0200F48B29 /* Base */,
			);
			name = LaunchScreen.storyboard;
			sourceTree = "<group>";
		};
/* End PBXVariantGroup section */

/* Begin XCBuildConfiguration section */
		BAECA8BE26C8AA0200F48B29 /* Debug */ = {
			isa = XCBuildConfiguration;
			buildSettings = {
				ALWAYS_SEARCH_USER_PATHS = NO;
				CLANG_ANALYZER_NONNULL = YES;
				CLANG_ANALYZER_NUMBER_OBJECT_CONVERSION = YES_AGGRESSIVE;
				CLANG_CXX_LANGUAGE_STANDARD = "gnu++14";
				CLANG_CXX_LIBRARY = "libc++";
				CLANG_ENABLE_MODULES = YES;
				CLANG_ENABLE_OBJC_ARC = YES;
				CLANG_ENABLE_OBJC_WEAK = YES;
				CLANG_WARN_BLOCK_CAPTURE_AUTORELEASING = YES;
				CLANG_WARN_BOOL_CONVERSION = YES;
				CLANG_WARN_COMMA = YES;
				CLANG_WARN_CONSTANT_CONVERSION = YES;
				CLANG_WARN_DEPRECATED_OBJC_IMPLEMENTATIONS = YES;
				CLANG_WARN_DIRECT_OBJC_ISA_USAGE = YES_ERROR;
				CLANG_WARN_DOCUMENTATION_COMMENTS = YES;
				CLANG_WARN_EMPTY_BODY = YES;
				CLANG_WARN_ENUM_CONVERSION = YES;
				CLANG_WARN_INFINITE_RECURSION = YES;
				CLANG_WARN_INT_CONVERSION = YES;
				CLANG_WARN_NON_LITERAL_NULL_CONVERSION = YES;
				CLANG_WARN_OBJC_IMPLICIT_RETAIN_SELF = YES;
				CLANG_WARN_OBJC_LITERAL_CONVERSION = YES;
				CLANG_WARN_OBJC_ROOT_CLASS = YES_ERROR;
				CLANG_WARN_QUOTED_INCLUDE_IN_FRAMEWORK_HEADER = YES;
				CLANG_WARN_RANGE_LOOP_ANALYSIS = YES;
				CLANG_WARN_STRICT_PROTOTYPES = YES;
				CLANG_WARN_SUSPICIOUS_MOVE = YES;
				CLANG_WARN_UNGUARDED_AVAILABILITY = YES_AGGRESSIVE;
				CLANG_WARN_UNREACHABLE_CODE = YES;
				CLANG_WARN__DUPLICATE_METHOD_MATCH = YES;
				COPY_PHASE_STRIP = NO;
				DEBUG_INFORMATION_FORMAT = dwarf;
				ENABLE_STRICT_OBJC_MSGSEND = YES;
				ENABLE_TESTABILITY = YES;
				GCC_C_LANGUAGE_STANDARD = gnu11;
				GCC_DYNAMIC_NO_PIC = NO;
				GCC_NO_COMMON_BLOCKS = YES;
				GCC_OPTIMIZATION_LEVEL = 0;
				GCC_PREPROCESSOR_DEFINITIONS = (
					"DEBUG=1",
					"$(inherited)",
				);
				GCC_WARN_64_TO_32_BIT_CONVERSION = YES;
				GCC_WARN_ABOUT_RETURN_TYPE = YES_ERROR;
				GCC_WARN_UNDECLARED_SELECTOR = YES;
				GCC_WARN_UNINITIALIZED_AUTOS = YES_AGGRESSIVE;
				GCC_WARN_UNUSED_FUNCTION = YES;
				GCC_WARN_UNUSED_VARIABLE = YES;
				IPHONEOS_DEPLOYMENT_TARGET = 14.5;
				MTL_ENABLE_DEBUG_INFO = INCLUDE_SOURCE;
				MTL_FAST_MATH = YES;
				ONLY_ACTIVE_ARCH = YES;
				SDKROOT = iphoneos;
				SWIFT_ACTIVE_COMPILATION_CONDITIONS = DEBUG;
				SWIFT_OPTIMIZATION_LEVEL = "-Onone";
			};
			name = Debug;
		};
		BAECA8BF26C8AA0200F48B29 /* Release */ = {
			isa = XCBuildConfiguration;
			buildSettings = {
				ALWAYS_SEARCH_USER_PATHS = NO;
				CLANG_ANALYZER_NONNULL = YES;
				CLANG_ANALYZER_NUMBER_OBJECT_CONVERSION = YES_AGGRESSIVE;
				CLANG_CXX_LANGUAGE_STANDARD = "gnu++14";
				CLANG_CXX_LIBRARY = "libc++";
				CLANG_ENABLE_MODULES = YES;
				CLANG_ENABLE_OBJC_ARC = YES;
				CLANG_ENABLE_OBJC_WEAK = YES;
				CLANG_WARN_BLOCK_CAPTURE_AUTORELEASING = YES;
				CLANG_WARN_BOOL_CONVERSION = YES;
				CLANG_WARN_COMMA = YES;
				CLANG_WARN_CONSTANT_CONVERSION = YES;
				CLANG_WARN_DEPRECATED_OBJC_IMPLEMENTATIONS = YES;
				CLANG_WARN_DIRECT_OBJC_ISA_USAGE = YES_ERROR;
				CLANG_WARN_DOCUMENTATION_COMMENTS = YES;
				CLANG_WARN_EMPTY_BODY = YES;
				CLANG_WARN_ENUM_CONVERSION = YES;
				CLANG_WARN_INFINITE_RECURSION = YES;
				CLANG_WARN_INT_CONVERSION = YES;
				CLANG_WARN_NON_LITERAL_NULL_CONVERSION = YES;
				CLANG_WARN_OBJC_IMPLICIT_RETAIN_SELF = YES;
				CLANG_WARN_OBJC_LITERAL_CONVERSION = YES;
				CLANG_WARN_OBJC_ROOT_CLASS = YES_ERROR;
				CLANG_WARN_QUOTED_INCLUDE_IN_FRAMEWORK_HEADER = YES;
				CLANG_WARN_RANGE_LOOP_ANALYSIS = YES;
				CLANG_WARN_STRICT_PROTOTYPES = YES;
				CLANG_WARN_SUSPICIOUS_MOVE = YES;
				CLANG_WARN_UNGUARDED_AVAILABILITY = YES_AGGRESSIVE;
				CLANG_WARN_UNREACHABLE_CODE = YES;
				CLANG_WARN__DUPLICATE_METHOD_MATCH = YES;
				COPY_PHASE_STRIP = NO;
				DEBUG_INFORMATION_FORMAT = "dwarf-with-dsym";
				ENABLE_NS_ASSERTIONS = NO;
				ENABLE_STRICT_OBJC_MSGSEND = YES;
				GCC_C_LANGUAGE_STANDARD = gnu11;
				GCC_NO_COMMON_BLOCKS = YES;
				GCC_WARN_64_TO_32_BIT_CONVERSION = YES;
				GCC_WARN_ABOUT_RETURN_TYPE = YES_ERROR;
				GCC_WARN_UNDECLARED_SELECTOR = YES;
				GCC_WARN_UNINITIALIZED_AUTOS = YES_AGGRESSIVE;
				GCC_WARN_UNUSED_FUNCTION = YES;
				GCC_WARN_UNUSED_VARIABLE = YES;
				IPHONEOS_DEPLOYMENT_TARGET = 14.5;
				MTL_ENABLE_DEBUG_INFO = NO;
				MTL_FAST_MATH = YES;
				SDKROOT = iphoneos;
				SWIFT_COMPILATION_MODE = wholemodule;
				SWIFT_OPTIMIZATION_LEVEL = "-O";
				VALIDATE_PRODUCT = YES;
			};
			name = Release;
		};
		BAECA8C126C8AA0200F48B29 /* Debug */ = {
			isa = XCBuildConfiguration;
			buildSettings = {
				ASSETCATALOG_COMPILER_APPICON_NAME = AppIcon;
				ASSETCATALOG_COMPILER_GLOBAL_ACCENT_COLOR_NAME = AccentColor;
				CODE_SIGN_STYLE = Automatic;
				DEVELOPMENT_TEAM = XSVW22JPST;
				INFOPLIST_FILE = A815HelloXIB/Info.plist;
				LD_RUNPATH_SEARCH_PATHS = (
					"$(inherited)",
					"@executable_path/Frameworks",
				);
				PRODUCT_BUNDLE_IDENTIFIER = idv.sjw.A815HelloXIB;
				PRODUCT_NAME = "$(TARGET_NAME)";
				SWIFT_VERSION = 5.0;
				TARGETED_DEVICE_FAMILY = "1,2";
			};
			name = Debug;
		};
		BAECA8C226C8AA0200F48B29 /* Release */ = {
			isa = XCBuildConfiguration;
			buildSettings = {
				ASSETCATALOG_COMPILER_APPICON_NAME = AppIcon;
				ASSETCATALOG_COMPILER_GLOBAL_ACCENT_COLOR_NAME = AccentColor;
				CODE_SIGN_STYLE = Automatic;
				DEVELOPMENT_TEAM = XSVW22JPST;
				INFOPLIST_FILE = A815HelloXIB/Info.plist;
				LD_RUNPATH_SEARCH_PATHS = (
					"$(inherited)",
					"@executable_path/Frameworks",
				);
				PRODUCT_BUNDLE_IDENTIFIER = idv.sjw.A815HelloXIB;
				PRODUCT_NAME = "$(TARGET_NAME)";
				SWIFT_VERSION = 5.0;
				TARGETED_DEVICE_FAMILY = "1,2";
			};
			name = Release;
		};
/* End XCBuildConfiguration section */

/* Begin XCConfigurationList section */
		BAECA8A726C8AA0200F48B29 /* Build configuration list for PBXProject "A815HelloXIB" */ = {
			isa = XCConfigurationList;
			buildConfigurations = (
				BAECA8BE26C8AA0200F48B29 /* Debug */,
				BAECA8BF26C8AA0200F48B29 /* Release */,
			);
			defaultConfigurationIsVisible = 0;
			defaultConfigurationName = Release;
		};
		BAECA8C026C8AA0200F48B29 /* Build configuration list for PBXNativeTarget "A815HelloXIB" */ = {
			isa = XCConfigurationList;
			buildConfigurations = (
				BAECA8C126C8AA0200F48B29 /* Debug */,
				BAECA8C226C8AA0200F48B29 /* Release */,
			);
			defaultConfigurationIsVisible = 0;
			defaultConfigurationName = Release;
		};
/* End XCConfigurationList section */
	};
	rootObject = BAECA8A426C8AA0200F48B29 /* Project object */;
}
